
Microsoft Visual Studio Solution File, Format Version 12.00
# Visual Studio Version 17
VisualStudioVersion = 17.3.32825.248
MinimumVisualStudioVersion = 10.0.40219.1
Project("{8BC9CEB8-8B4A-11D0-8D11-00A0C91BC942}") = "Sample", "Sample\Sample.vcxproj", "{C364EE2B-8CFD-435F-B7A7-27FB884AFFFE}"
EndProject
Global
	GlobalSection(SolutionConfigurationPlatforms) = preSolution
		Debug|x64 = Debug|x64
		Debug|x86 = Debug|x86
		Release|x64 = Release|x64
		Release|x86 = Release|x86
	EndGlobalSection
	GlobalSection(ProjectConfigurationPlatforms) = postSolution
		{C364EE2B-8CFD-435F-B7A7-27FB884AFFFE}.Debug|x64.ActiveCfg = Debug|x64
		{C364EE2B-8CFD-435F-B7A7-27FB884AFFFE}.Debug|x64.Build.0 = Debug|x64
		{C364EE2B-8CFD-435F-B7A7-27FB884AFFFE}.Debug|x86.ActiveCfg = Debug|Win32
		{C364EE2B-8CFD-435F-B7A7-27FB884AFFFE}.Debug|x86.Build.0 = Debug|Win32
		{C364EE2B-8CFD-435F-B7A7-27FB884AFFFE}.Release|x64.ActiveCfg = Release|x64
		{C364EE2B-8CFD-435F-B7A7-27FB884AFFFE}.Release|x64.Build.0 = Release|x64
		{C364EE2B-8CFD-435F-B7A7-27FB884AFFFE}.Release|x86.ActiveCfg = Release|Win32
		{C364EE2B-8CFD-435F-B7A7-27FB884AFFFE}.Release|x86.Build.0 = Release|Win32
	EndGlobalSection
	GlobalSection(SolutionProperties) = preSolution
		HideSolutionNode = FALSE
	EndGlobalSection
	GlobalSection(ExtensibilityGlobals) = postSolution
		SolutionGuid = {C5040DFC-9107-4F92-8D09-7B8FE150BD19}
	EndGlobalSection
EndGlobal
